lockfileVersion: '9.0'

settings:
  autoInstallPeers: true
  excludeLinksFromLockfile: false

importers:

  .:
    dependencies:
      bufferutil:
        specifier: ^4.0.1
        version: 4.1.0
      dotenv:
        specifier: ^17.2.3
        version: 17.2.3
      redis:
        specifier: ^4.6.14
        version: 4.7.1
      utf-8-validate:
        specifier: ^5.0.2
        version: 5.0.10
      ws:
        specifier: ^8.17.1
        version: 8.19.0(bufferutil@4.1.0)(utf-8-validate@5.0.10)
    devDependencies:
      '@types/node':
        specifier: ^20.14.10
        version: 20.19.30
      '@types/redis':
        specifier: ^4.0.11
        version: 4.0.11
      '@types/ws':
        specifier: ^8.5.10
        version: 8.18.1
      typescript:
        specifier: ^5.6.3
        version: 5.9.3

packages:

  '@redis/bloom@1.2.0':
    resolution: {integrity: sha512-HG2DFjYKbpNmVXsa0keLHp/3leGJz1mjh09f2RLGGLQZzSHpkmZWuwJbAvo3QcRY8p80m5+ZdXZdYOSBLlp7Cg==}
    peerDependencies:
      '@redis/client': ^1.0.0

  '@redis/client@1.6.1':
    resolution: {integrity: sha512-/KCsg3xSlR+nCK8/8ZYSknYxvXHwubJrU82F3Lm1Fp6789VQ0/3RJKfsmRXjqfaTA++23CvC3hqmqe/2GEt6Kw==}
    engines: {node: '>=14'}

  '@redis/graph@1.1.1':
    resolution: {integrity: sha512-FEMTcTHZozZciLRl6GiiIB4zGm5z5F3F6a6FZCyrfxdKOhFlGkiAqlexWMBzCi4DcRoyiOsuLfW+cjlGWyExOw==}
    peerDependencies:
      '@redis/client': ^1.0.0

  '@redis/json@1.0.7':
    resolution: {integrity: sha512-6UyXfjVaTBTJtKNG4/9Z8PSpKE6XgSyEb8iwaqDcy+uKrd/DGYHTWkUdnQDyzm727V7p21WUMhsqz5oy65kPcQ==}
    peerDependencies:
      '@redis/client': ^1.0.0

  '@redis/search@1.2.0':
    resolution: {integrity: sha512-tYoDBbtqOVigEDMAcTGsRlMycIIjwMCgD8eR2t0NANeQmgK/lvxNAvYyb6bZDD4frHRhIHkJu2TBRvB0ERkOmw==}
    peerDependencies:
      '@redis/client': ^1.0.0

  '@redis/time-series@1.1.0':
    resolution: {integrity: sha512-c1Q99M5ljsIuc4YdaCwfUEXsofakb9c8+Zse2qxTadu8TalLXuAESzLvFAvNVbkmSlvlzIQOLpBCmWI9wTOt+g==}
    peerDependencies:
      '@redis/client': ^1.0.0

  '@types/node@20.19.30':
    resolution: {integrity: sha512-WJtwWJu7UdlvzEAUm484QNg5eAoq5QR08KDNx7g45Usrs2NtOPiX8ugDqmKdXkyL03rBqU5dYNYVQetEpBHq2g==}

  '@types/redis@4.0.11':
    resolution: {integrity: sha512-bI+gth8La8Wg/QCR1+V1fhrL9+LZUSWfcqpOj2Kc80ZQ4ffbdL173vQd5wovmoV9i071FU9oP2g6etLuEwb6Rg==}
    deprecated: This is a stub types definition. redis provides its own type definitions, so you do not need this installed.

  '@types/ws@8.18.1':
    resolution: {integrity: sha512-ThVF6DCVhA8kUGy+aazFQ4kXQ7E1Ty7A3ypFOe0IcJV8O/M511G99AW24irKrW56Wt44yG9+ij8FaqoBGkuBXg==}

  bufferutil@4.1.0:
    resolution: {integrity: sha512-ZMANVnAixE6AWWnPzlW2KpUrxhm9woycYvPOo67jWHyFowASTEd9s+QN1EIMsSDtwhIxN4sWE1jotpuDUIgyIw==}
    engines: {node: '>=6.14.2'}

  cluster-key-slot@1.1.2:
    resolution: {integrity: sha512-RMr0FhtfXemyinomL4hrWcYJxmX6deFdCxpJzhDttxgO1+bcCnkk+9drydLVDmAMG7NE6aN/fl4F7ucU/90gAA==}
    engines: {node: '>=0.10.0'}

  dotenv@17.2.3:
    resolution: {integrity: sha512-JVUnt+DUIzu87TABbhPmNfVdBDt18BLOWjMUFJMSi/Qqg7NTYtabbvSNJGOJ7afbRuv9D/lngizHtP7QyLQ+9w==}
    engines: {node: '>=12'}

  generic-pool@3.9.0:
    resolution: {integrity: sha512-hymDOu5B53XvN4QT9dBmZxPX4CWhBPPLguTZ9MMFeFa/Kg0xWVfylOVNlJji/E7yTZWFd/q9GO5TxDLq156D7g==}
    engines: {node: '>= 4'}

  node-gyp-build@4.8.4:
    resolution: {integrity: sha512-LA4ZjwlnUblHVgq0oBF3Jl/6h/Nvs5fzBLwdEF4nuxnFdsfajde4WfxtJr3CaiH+F6ewcIB/q4jQ4UzPyid+CQ==}
    hasBin: true

  redis@4.7.1:
    resolution: {integrity: sha512-S1bJDnqLftzHXHP8JsT5II/CtHWQrASX5K96REjWjlmWKrviSOLWmM7QnRLstAWsu1VBBV1ffV6DzCvxNP0UJQ==}

  typescript@5.9.3:
    resolution: {integrity: sha512-jl1vZzPDinLr9eUt3J/t7V6FgNEw9QjvBPdysz9KfQDD41fQrC2Y4vKQdiaUpFT4bXlb1RHhLpp8wtm6M5TgSw==}
    engines: {node: '>=14.17'}
    hasBin: true

  undici-types@6.21.0:
    resolution: {integrity: sha512-iwDZqg0QAGrg9Rav5H4n0M64c3mkR59cJ6wQp+7C4nI0gsmExaedaYLNO44eT4AtBBwjbTiGPMlt2Md0T9H9JQ==}

  utf-8-validate@5.0.10:
    resolution: {integrity: sha512-Z6czzLq4u8fPOyx7TU6X3dvUZVvoJmxSQ+IcrlmagKhilxlhZgxPK6C5Jqbkw1IDUmFTM+cz9QDnnLTwDz/2gQ==}
    engines: {node: '>=6.14.2'}

  ws@8.19.0:
    resolution: {integrity: sha512-blAT2mjOEIi0ZzruJfIhb3nps74PRWTCz1IjglWEEpQl5XS/UNama6u2/rjFkDDouqr4L67ry+1aGIALViWjDg==}
    engines: {node: '>=10.0.0'}
    peerDependencies:
      bufferutil: ^4.0.1
      utf-8-validate: '>=5.0.2'
    peerDependenciesMeta:
      bufferutil:
        optional: true
      utf-8-validate:
        optional: true

  yallist@4.0.0:
    resolution: {integrity: sha512-3wdGidZyq5PB084XLES5TpOSRA3wjXAlIWMhum2kRcv/41Sn2emQ0dycQW4uZXLejwKvg6EsvbdlVL+FYEct7A==}

snapshots:

  '@redis/bloom@1.2.0(@redis/client@1.6.1)':
    dependencies:
      '@redis/client': 1.6.1

  '@redis/client@1.6.1':
    dependencies:
      cluster-key-slot: 1.1.2
      generic-pool: 3.9.0
      yallist: 4.0.0

  '@redis/graph@1.1.1(@redis/client@1.6.1)':
    dependencies:
      '@redis/client': 1.6.1

  '@redis/json@1.0.7(@redis/client@1.6.1)':
    dependencies:
      '@redis/client': 1.6.1

  '@redis/search@1.2.0(@redis/client@1.6.1)':
    dependencies:
      '@redis/client': 1.6.1

  '@redis/time-series@1.1.0(@redis/client@1.6.1)':
    dependencies:
      '@redis/client': 1.6.1

  '@types/node@20.19.30':
    dependencies:
      undici-types: 6.21.0

  '@types/redis@4.0.11':
    dependencies:
      redis: 4.7.1

  '@types/ws@8.18.1':
    dependencies:
      '@types/node': 20.19.30

  bufferutil@4.1.0:
    dependencies:
      node-gyp-build: 4.8.4

  cluster-key-slot@1.1.2: {}

  dotenv@17.2.3: {}

  generic-pool@3.9.0: {}

  node-gyp-build@4.8.4: {}

  redis@4.7.1:
    dependencies:
      '@redis/bloom': 1.2.0(@redis/client@1.6.1)
      '@redis/client': 1.6.1
      '@redis/graph': 1.1.1(@redis/client@1.6.1)
      '@redis/json': 1.0.7(@redis/client@1.6.1)
      '@redis/search': 1.2.0(@redis/client@1.6.1)
      '@redis/time-series': 1.1.0(@redis/client@1.6.1)

  typescript@5.9.3: {}

  undici-types@6.21.0: {}

  utf-8-validate@5.0.10:
    dependencies:
      node-gyp-build: 4.8.4

  ws@8.19.0(bufferutil@4.1.0)(utf-8-validate@5.0.10):
    optionalDependencies:
      bufferutil: 4.1.0
      utf-8-validate: 5.0.10

  yallist@4.0.0: {}
